
Microsoft Visual Studio Solution File, Format Version 11.00
# Visual Studio 2010
Project("{FAE04EC0-301F-11D3-BF4B-00C04F79EFBC}") = "Vikings", "Vikings\Vikings\Vikings.csproj", "{42248E0C-1720-478F-83EE-D389AA9CFAE0}"
EndProject
Project("{96E2B04D-8817-42C6-938A-82C39BA4D311}") = "VikingsContent", "Vikings\VikingsContent\VikingsContent.contentproj", "{97264F6D-F857-40FD-881A-F5DF98312C9F}"
EndProject
Global
	GlobalSection(SolutionConfigurationPlatforms) = preSolution
		Debug|x86 = Debug|x86
		Release|x86 = Release|x86
	EndGlobalSection
	GlobalSection(ProjectConfigurationPlatforms) = postSolution
		{42248E0C-1720-478F-83EE-D389AA9CFAE0}.Debug|x86.ActiveCfg = Debug|x86
		{42248E0C-1720-478F-83EE-D389AA9CFAE0}.Debug|x86.Build.0 = Debug|x86
		{42248E0C-1720-478F-83EE-D389AA9CFAE0}.Release|x86.ActiveCfg = Release|x86
		{42248E0C-1720-478F-83EE-D389AA9CFAE0}.Release|x86.Build.0 = Release|x86
		{97264F6D-F857-40FD-881A-F5DF98312C9F}.Debug|x86.ActiveCfg = Debug|x86
		{97264F6D-F857-40FD-881A-F5DF98312C9F}.Release|x86.ActiveCfg = Release|x86
	EndGlobalSection
	GlobalSection(SolutionProperties) = preSolution
		HideSolutionNode = FALSE
	EndGlobalSection
EndGlobal
